Microsoft Visual Studio Solution File, Format Version 12.00
# Visual Studio Version 17
VisualStudioVersion = 17.5.2.0
MinimumVisualStudioVersion = 10.0.40219.1
Project("{2150E333-8FDC-42A3-9474-1A3956D46DE8}") = "data-structures", "data-structures", "{691DAE46-0FE2-468A-90D6-B69290B4A3C5}"
EndProject
Project("{FAE04EC0-301F-11D3-BF4B-00C04F79EFBC}") = "stack", "data-structures\stack\stack.csproj", "{0A062EC4-123B-463E-EE73-CDC1517955E9}"
EndProject
Global
	GlobalSection(SolutionConfigurationPlatforms) = preSolution
		Debug|Any CPU = Debug|Any CPU
		Release|Any CPU = Release|Any CPU
	EndGlobalSection
	GlobalSection(ProjectConfigurationPlatforms) = postSolution
		{0A062EC4-123B-463E-EE73-CDC1517955E9}.Debug|Any CPU.ActiveCfg = Debug|Any CPU
		{0A062EC4-123B-463E-EE73-CDC1517955E9}.Debug|Any CPU.Build.0 = Debug|Any CPU
		{0A062EC4-123B-463E-EE73-CDC1517955E9}.Release|Any CPU.ActiveCfg = Release|Any CPU
		{0A062EC4-123B-463E-EE73-CDC1517955E9}.Release|Any CPU.Build.0 = Release|Any CPU
	EndGlobalSection
	GlobalSection(SolutionProperties) = preSolution
		HideSolutionNode = FALSE
	EndGlobalSection
	GlobalSection(NestedProjects) = preSolution
		{0A062EC4-123B-463E-EE73-CDC1517955E9} = {691DAE46-0FE2-468A-90D6-B69290B4A3C5}
	EndGlobalSection
	GlobalSection(ExtensibilityGlobals) = postSolution
		SolutionGuid = {BF097DEA-4E5B-4B28-B8E5-2695BE10B476}
	EndGlobalSection
EndGlobal
